
Microsoft Visual Studio Solution File, Format Version 12.00
# Visual Studio 15
VisualStudioVersion = 15.0.28307.421
MinimumVisualStudioVersion = 10.0.40219.1
Project("{8BC9CEB8-8B4A-11D0-8D11-00A0C91BC942}") = "113", "113\113.vcxproj", "{845E7615-D221-4881-A2AC-69DB4EFC6109}"
EndProject
Global
	GlobalSection(SolutionConfigurationPlatforms) = preSolution
		Debug|x64 = Debug|x64
		Debug|x86 = Debug|x86
		Release|x64 = Release|x64
		Release|x86 = Release|x86
	EndGlobalSection
	GlobalSection(ProjectConfigurationPlatforms) = postSolution
		{845E7615-D221-4881-A2AC-69DB4EFC6109}.Debug|x64.ActiveCfg = Debug|x64
		{845E7615-D221-4881-A2AC-69DB4EFC6109}.Debug|x64.Build.0 = Debug|x64
		{845E7615-D221-4881-A2AC-69DB4EFC6109}.Debug|x86.ActiveCfg = Debug|Win32
		{845E7615-D221-4881-A2AC-69DB4EFC6109}.Debug|x86.Build.0 = Debug|Win32
		{845E7615-D221-4881-A2AC-69DB4EFC6109}.Release|x64.ActiveCfg = Release|x64
		{845E7615-D221-4881-A2AC-69DB4EFC6109}.Release|x64.Build.0 = Release|x64
		{845E7615-D221-4881-A2AC-69DB4EFC6109}.Release|x86.ActiveCfg = Release|Win32
		{845E7615-D221-4881-A2AC-69DB4EFC6109}.Release|x86.Build.0 = Release|Win32
	EndGlobalSection
	GlobalSection(SolutionProperties) = preSolution
		HideSolutionNode = FALSE
	EndGlobalSection
	GlobalSection(ExtensibilityGlobals) = postSolution
		SolutionGuid = {5E01D1A5-087C-4659-8B2A-D0048B79C6AD}
	EndGlobalSection
EndGlobal
