
Microsoft Visual Studio Solution File, Format Version 12.00
# Visual Studio 15
VisualStudioVersion = 15.0.28307.421
MinimumVisualStudioVersion = 10.0.40219.1
Project("{8BC9CEB8-8B4A-11D0-8D11-00A0C91BC942}") = "073", "073\073.vcxproj", "{B0A638B0-2E2D-4A89-9C65-D1938182B85C}"
EndProject
Global
	GlobalSection(SolutionConfigurationPlatforms) = preSolution
		Debug|x64 = Debug|x64
		Debug|x86 = Debug|x86
		Release|x64 = Release|x64
		Release|x86 = Release|x86
	EndGlobalSection
	GlobalSection(ProjectConfigurationPlatforms) = postSolution
		{B0A638B0-2E2D-4A89-9C65-D1938182B85C}.Debug|x64.ActiveCfg = Debug|x64
		{B0A638B0-2E2D-4A89-9C65-D1938182B85C}.Debug|x64.Build.0 = Debug|x64
		{B0A638B0-2E2D-4A89-9C65-D1938182B85C}.Debug|x86.ActiveCfg = Debug|Win32
		{B0A638B0-2E2D-4A89-9C65-D1938182B85C}.Debug|x86.Build.0 = Debug|Win32
		{B0A638B0-2E2D-4A89-9C65-D1938182B85C}.Release|x64.ActiveCfg = Release|x64
		{B0A638B0-2E2D-4A89-9C65-D1938182B85C}.Release|x64.Build.0 = Release|x64
		{B0A638B0-2E2D-4A89-9C65-D1938182B85C}.Release|x86.ActiveCfg = Release|Win32
		{B0A638B0-2E2D-4A89-9C65-D1938182B85C}.Release|x86.Build.0 = Release|Win32
	EndGlobalSection
	GlobalSection(SolutionProperties) = preSolution
		HideSolutionNode = FALSE
	EndGlobalSection
	GlobalSection(ExtensibilityGlobals) = postSolution
		SolutionGuid = {A76BC29A-6305-4914-904F-101E35C5BE85}
	EndGlobalSection
EndGlobal
