
Microsoft Visual Studio Solution File, Format Version 12.00
# Visual Studio 15
VisualStudioVersion = 15.0.28307.421
MinimumVisualStudioVersion = 10.0.40219.1
Project("{8BC9CEB8-8B4A-11D0-8D11-00A0C91BC942}") = "080", "080\080.vcxproj", "{4CC4D0FC-E907-40E5-BD96-719AB950D529}"
EndProject
Global
	GlobalSection(SolutionConfigurationPlatforms) = preSolution
		Debug|x64 = Debug|x64
		Debug|x86 = Debug|x86
		Release|x64 = Release|x64
		Release|x86 = Release|x86
	EndGlobalSection
	GlobalSection(ProjectConfigurationPlatforms) = postSolution
		{4CC4D0FC-E907-40E5-BD96-719AB950D529}.Debug|x64.ActiveCfg = Debug|x64
		{4CC4D0FC-E907-40E5-BD96-719AB950D529}.Debug|x64.Build.0 = Debug|x64
		{4CC4D0FC-E907-40E5-BD96-719AB950D529}.Debug|x86.ActiveCfg = Debug|Win32
		{4CC4D0FC-E907-40E5-BD96-719AB950D529}.Debug|x86.Build.0 = Debug|Win32
		{4CC4D0FC-E907-40E5-BD96-719AB950D529}.Release|x64.ActiveCfg = Release|x64
		{4CC4D0FC-E907-40E5-BD96-719AB950D529}.Release|x64.Build.0 = Release|x64
		{4CC4D0FC-E907-40E5-BD96-719AB950D529}.Release|x86.ActiveCfg = Release|Win32
		{4CC4D0FC-E907-40E5-BD96-719AB950D529}.Release|x86.Build.0 = Release|Win32
	EndGlobalSection
	GlobalSection(SolutionProperties) = preSolution
		HideSolutionNode = FALSE
	EndGlobalSection
	GlobalSection(ExtensibilityGlobals) = postSolution
		SolutionGuid = {86443998-68A1-4B04-A2A8-63FA4EEE1F9C}
	EndGlobalSection
EndGlobal
