
Microsoft Visual Studio Solution File, Format Version 12.00
# Visual Studio Version 16
VisualStudioVersion = 16.0.30225.117
MinimumVisualStudioVersion = 10.0.40219.1
Project("{8BC9CEB8-8B4A-11D0-8D11-00A0C91BC942}") = "Chapter16_File", "Chapter16_File\Chapter16_File.vcxproj", "{2AD4AE7F-43EE-41A3-A1E6-B0C0C4A14F4C}"
EndProject
Project("{2150E333-8FDC-42A3-9474-1A3956D46DE8}") = "Solution Items", "Solution Items", "{4E2BD418-5399-4B60-B8AE-353A8E385FF3}"
	ProjectSection(SolutionItems) = preProject
		..\..\..\工作资料\我的图书库\专业理论图书\C语言学习资料\零基础学 C++（全彩版）.pdf = ..\..\..\工作资料\我的图书库\专业理论图书\C语言学习资料\零基础学 C++（全彩版）.pdf
	EndProjectSection
EndProject
Global
	GlobalSection(SolutionConfigurationPlatforms) = preSolution
		Debug|x64 = Debug|x64
		Debug|x86 = Debug|x86
		Release|x64 = Release|x64
		Release|x86 = Release|x86
	EndGlobalSection
	GlobalSection(ProjectConfigurationPlatforms) = postSolution
		{2AD4AE7F-43EE-41A3-A1E6-B0C0C4A14F4C}.Debug|x64.ActiveCfg = Debug|x64
		{2AD4AE7F-43EE-41A3-A1E6-B0C0C4A14F4C}.Debug|x64.Build.0 = Debug|x64
		{2AD4AE7F-43EE-41A3-A1E6-B0C0C4A14F4C}.Debug|x86.ActiveCfg = Debug|Win32
		{2AD4AE7F-43EE-41A3-A1E6-B0C0C4A14F4C}.Debug|x86.Build.0 = Debug|Win32
		{2AD4AE7F-43EE-41A3-A1E6-B0C0C4A14F4C}.Release|x64.ActiveCfg = Release|x64
		{2AD4AE7F-43EE-41A3-A1E6-B0C0C4A14F4C}.Release|x64.Build.0 = Release|x64
		{2AD4AE7F-43EE-41A3-A1E6-B0C0C4A14F4C}.Release|x86.ActiveCfg = Release|Win32
		{2AD4AE7F-43EE-41A3-A1E6-B0C0C4A14F4C}.Release|x86.Build.0 = Release|Win32
	EndGlobalSection
	GlobalSection(SolutionProperties) = preSolution
		HideSolutionNode = FALSE
	EndGlobalSection
	GlobalSection(ExtensibilityGlobals) = postSolution
		SolutionGuid = {2C0E3E4A-6E08-4AA6-B4D4-11F829DBABA2}
	EndGlobalSection
EndGlobal
