
Microsoft Visual Studio Solution File, Format Version 12.00
# Visual Studio 15
VisualStudioVersion = 15.0.28307.421
MinimumVisualStudioVersion = 10.0.40219.1
Project("{8BC9CEB8-8B4A-11D0-8D11-00A0C91BC942}") = "155", "155\155.vcxproj", "{7E8FADBC-04B0-489D-8038-81A81BC38403}"
EndProject
Global
	GlobalSection(SolutionConfigurationPlatforms) = preSolution
		Debug|x64 = Debug|x64
		Debug|x86 = Debug|x86
		Release|x64 = Release|x64
		Release|x86 = Release|x86
	EndGlobalSection
	GlobalSection(ProjectConfigurationPlatforms) = postSolution
		{7E8FADBC-04B0-489D-8038-81A81BC38403}.Debug|x64.ActiveCfg = Debug|x64
		{7E8FADBC-04B0-489D-8038-81A81BC38403}.Debug|x64.Build.0 = Debug|x64
		{7E8FADBC-04B0-489D-8038-81A81BC38403}.Debug|x86.ActiveCfg = Debug|Win32
		{7E8FADBC-04B0-489D-8038-81A81BC38403}.Debug|x86.Build.0 = Debug|Win32
		{7E8FADBC-04B0-489D-8038-81A81BC38403}.Release|x64.ActiveCfg = Release|x64
		{7E8FADBC-04B0-489D-8038-81A81BC38403}.Release|x64.Build.0 = Release|x64
		{7E8FADBC-04B0-489D-8038-81A81BC38403}.Release|x86.ActiveCfg = Release|Win32
		{7E8FADBC-04B0-489D-8038-81A81BC38403}.Release|x86.Build.0 = Release|Win32
	EndGlobalSection
	GlobalSection(SolutionProperties) = preSolution
		HideSolutionNode = FALSE
	EndGlobalSection
	GlobalSection(ExtensibilityGlobals) = postSolution
		SolutionGuid = {C48177D4-09F5-4632-B5D5-99AD4236AEA1}
	EndGlobalSection
EndGlobal
