
Microsoft Visual Studio Solution File, Format Version 12.00
# Visual Studio 15
VisualStudioVersion = 15.0.28307.421
MinimumVisualStudioVersion = 10.0.40219.1
Project("{8BC9CEB8-8B4A-11D0-8D11-00A0C91BC942}") = "012", "012\012.vcxproj", "{9F39282C-C23F-4974-A39E-9855A046C842}"
EndProject
Global
	GlobalSection(SolutionConfigurationPlatforms) = preSolution
		Debug|x64 = Debug|x64
		Debug|x86 = Debug|x86
		Release|x64 = Release|x64
		Release|x86 = Release|x86
	EndGlobalSection
	GlobalSection(ProjectConfigurationPlatforms) = postSolution
		{9F39282C-C23F-4974-A39E-9855A046C842}.Debug|x64.ActiveCfg = Debug|x64
		{9F39282C-C23F-4974-A39E-9855A046C842}.Debug|x64.Build.0 = Debug|x64
		{9F39282C-C23F-4974-A39E-9855A046C842}.Debug|x86.ActiveCfg = Debug|Win32
		{9F39282C-C23F-4974-A39E-9855A046C842}.Debug|x86.Build.0 = Debug|Win32
		{9F39282C-C23F-4974-A39E-9855A046C842}.Release|x64.ActiveCfg = Release|x64
		{9F39282C-C23F-4974-A39E-9855A046C842}.Release|x64.Build.0 = Release|x64
		{9F39282C-C23F-4974-A39E-9855A046C842}.Release|x86.ActiveCfg = Release|Win32
		{9F39282C-C23F-4974-A39E-9855A046C842}.Release|x86.Build.0 = Release|Win32
	EndGlobalSection
	GlobalSection(SolutionProperties) = preSolution
		HideSolutionNode = FALSE
	EndGlobalSection
	GlobalSection(ExtensibilityGlobals) = postSolution
		SolutionGuid = {1AD8F495-ABDA-4462-8D7A-2004199BA769}
	EndGlobalSection
EndGlobal
