
Microsoft Visual Studio Solution File, Format Version 12.00
# Visual Studio 15
VisualStudioVersion = 15.0.28307.421
MinimumVisualStudioVersion = 10.0.40219.1
Project("{8BC9CEB8-8B4A-11D0-8D11-00A0C91BC942}") = "03", "03\03.vcxproj", "{9483E9DD-536D-4A34-9704-4C12C6937305}"
EndProject
Global
	GlobalSection(SolutionConfigurationPlatforms) = preSolution
		Debug|x64 = Debug|x64
		Debug|x86 = Debug|x86
		Release|x64 = Release|x64
		Release|x86 = Release|x86
	EndGlobalSection
	GlobalSection(ProjectConfigurationPlatforms) = postSolution
		{9483E9DD-536D-4A34-9704-4C12C6937305}.Debug|x64.ActiveCfg = Debug|x64
		{9483E9DD-536D-4A34-9704-4C12C6937305}.Debug|x64.Build.0 = Debug|x64
		{9483E9DD-536D-4A34-9704-4C12C6937305}.Debug|x86.ActiveCfg = Debug|Win32
		{9483E9DD-536D-4A34-9704-4C12C6937305}.Debug|x86.Build.0 = Debug|Win32
		{9483E9DD-536D-4A34-9704-4C12C6937305}.Release|x64.ActiveCfg = Release|x64
		{9483E9DD-536D-4A34-9704-4C12C6937305}.Release|x64.Build.0 = Release|x64
		{9483E9DD-536D-4A34-9704-4C12C6937305}.Release|x86.ActiveCfg = Release|Win32
		{9483E9DD-536D-4A34-9704-4C12C6937305}.Release|x86.Build.0 = Release|Win32
	EndGlobalSection
	GlobalSection(SolutionProperties) = preSolution
		HideSolutionNode = FALSE
	EndGlobalSection
	GlobalSection(ExtensibilityGlobals) = postSolution
		SolutionGuid = {7D81ABF4-C1CC-4EF4-BF97-67A9B1AB7470}
	EndGlobalSection
EndGlobal
