
Microsoft Visual Studio Solution File, Format Version 12.00
# Visual Studio 15
VisualStudioVersion = 15.0.28307.421
MinimumVisualStudioVersion = 10.0.40219.1
Project("{8BC9CEB8-8B4A-11D0-8D11-00A0C91BC942}") = "063", "063\063.vcxproj", "{7C1BF95D-DF95-46F4-B433-720F4A48EE90}"
EndProject
Global
	GlobalSection(SolutionConfigurationPlatforms) = preSolution
		Debug|x64 = Debug|x64
		Debug|x86 = Debug|x86
		Release|x64 = Release|x64
		Release|x86 = Release|x86
	EndGlobalSection
	GlobalSection(ProjectConfigurationPlatforms) = postSolution
		{7C1BF95D-DF95-46F4-B433-720F4A48EE90}.Debug|x64.ActiveCfg = Debug|x64
		{7C1BF95D-DF95-46F4-B433-720F4A48EE90}.Debug|x64.Build.0 = Debug|x64
		{7C1BF95D-DF95-46F4-B433-720F4A48EE90}.Debug|x86.ActiveCfg = Debug|Win32
		{7C1BF95D-DF95-46F4-B433-720F4A48EE90}.Debug|x86.Build.0 = Debug|Win32
		{7C1BF95D-DF95-46F4-B433-720F4A48EE90}.Release|x64.ActiveCfg = Release|x64
		{7C1BF95D-DF95-46F4-B433-720F4A48EE90}.Release|x64.Build.0 = Release|x64
		{7C1BF95D-DF95-46F4-B433-720F4A48EE90}.Release|x86.ActiveCfg = Release|Win32
		{7C1BF95D-DF95-46F4-B433-720F4A48EE90}.Release|x86.Build.0 = Release|Win32
	EndGlobalSection
	GlobalSection(SolutionProperties) = preSolution
		HideSolutionNode = FALSE
	EndGlobalSection
	GlobalSection(ExtensibilityGlobals) = postSolution
		SolutionGuid = {FB4A7332-4281-4446-92B0-995A642DF97B}
	EndGlobalSection
EndGlobal
