
Microsoft Visual Studio Solution File, Format Version 12.00
# Visual Studio 15
VisualStudioVersion = 15.0.28307.421
MinimumVisualStudioVersion = 10.0.40219.1
Project("{8BC9CEB8-8B4A-11D0-8D11-00A0C91BC942}") = "02", "02\02.vcxproj", "{578AEB29-A835-4DB3-9B2C-B82490ED826D}"
EndProject
Global
	GlobalSection(SolutionConfigurationPlatforms) = preSolution
		Debug|x64 = Debug|x64
		Debug|x86 = Debug|x86
		Release|x64 = Release|x64
		Release|x86 = Release|x86
	EndGlobalSection
	GlobalSection(ProjectConfigurationPlatforms) = postSolution
		{578AEB29-A835-4DB3-9B2C-B82490ED826D}.Debug|x64.ActiveCfg = Debug|x64
		{578AEB29-A835-4DB3-9B2C-B82490ED826D}.Debug|x64.Build.0 = Debug|x64
		{578AEB29-A835-4DB3-9B2C-B82490ED826D}.Debug|x86.ActiveCfg = Debug|Win32
		{578AEB29-A835-4DB3-9B2C-B82490ED826D}.Debug|x86.Build.0 = Debug|Win32
		{578AEB29-A835-4DB3-9B2C-B82490ED826D}.Release|x64.ActiveCfg = Release|x64
		{578AEB29-A835-4DB3-9B2C-B82490ED826D}.Release|x64.Build.0 = Release|x64
		{578AEB29-A835-4DB3-9B2C-B82490ED826D}.Release|x86.ActiveCfg = Release|Win32
		{578AEB29-A835-4DB3-9B2C-B82490ED826D}.Release|x86.Build.0 = Release|Win32
	EndGlobalSection
	GlobalSection(SolutionProperties) = preSolution
		HideSolutionNode = FALSE
	EndGlobalSection
	GlobalSection(ExtensibilityGlobals) = postSolution
		SolutionGuid = {EA5654DB-CFDE-408C-9F11-2AABA1274AF6}
	EndGlobalSection
EndGlobal
