
Microsoft Visual Studio Solution File, Format Version 12.00
# Visual Studio 15
VisualStudioVersion = 15.0.28307.421
MinimumVisualStudioVersion = 10.0.40219.1
Project("{8BC9CEB8-8B4A-11D0-8D11-00A0C91BC942}") = "171", "171\171.vcxproj", "{F72D56F6-666E-4DC4-AAF9-F31F5279DA00}"
EndProject
Global
	GlobalSection(SolutionConfigurationPlatforms) = preSolution
		Debug|x64 = Debug|x64
		Debug|x86 = Debug|x86
		Release|x64 = Release|x64
		Release|x86 = Release|x86
	EndGlobalSection
	GlobalSection(ProjectConfigurationPlatforms) = postSolution
		{F72D56F6-666E-4DC4-AAF9-F31F5279DA00}.Debug|x64.ActiveCfg = Debug|x64
		{F72D56F6-666E-4DC4-AAF9-F31F5279DA00}.Debug|x64.Build.0 = Debug|x64
		{F72D56F6-666E-4DC4-AAF9-F31F5279DA00}.Debug|x86.ActiveCfg = Debug|Win32
		{F72D56F6-666E-4DC4-AAF9-F31F5279DA00}.Debug|x86.Build.0 = Debug|Win32
		{F72D56F6-666E-4DC4-AAF9-F31F5279DA00}.Release|x64.ActiveCfg = Release|x64
		{F72D56F6-666E-4DC4-AAF9-F31F5279DA00}.Release|x64.Build.0 = Release|x64
		{F72D56F6-666E-4DC4-AAF9-F31F5279DA00}.Release|x86.ActiveCfg = Release|Win32
		{F72D56F6-666E-4DC4-AAF9-F31F5279DA00}.Release|x86.Build.0 = Release|Win32
	EndGlobalSection
	GlobalSection(SolutionProperties) = preSolution
		HideSolutionNode = FALSE
	EndGlobalSection
	GlobalSection(ExtensibilityGlobals) = postSolution
		SolutionGuid = {61B09E67-9BF5-4FF0-854B-AD156A9D18CE}
	EndGlobalSection
EndGlobal
