
Microsoft Visual Studio Solution File, Format Version 12.00
# Visual Studio 15
VisualStudioVersion = 15.0.28307.421
MinimumVisualStudioVersion = 10.0.40219.1
Project("{8BC9CEB8-8B4A-11D0-8D11-00A0C91BC942}") = "142", "142\142.vcxproj", "{C53D15B0-EDA5-45FA-A27A-84859E68EB9F}"
EndProject
Global
	GlobalSection(SolutionConfigurationPlatforms) = preSolution
		Debug|x64 = Debug|x64
		Debug|x86 = Debug|x86
		Release|x64 = Release|x64
		Release|x86 = Release|x86
	EndGlobalSection
	GlobalSection(ProjectConfigurationPlatforms) = postSolution
		{C53D15B0-EDA5-45FA-A27A-84859E68EB9F}.Debug|x64.ActiveCfg = Debug|x64
		{C53D15B0-EDA5-45FA-A27A-84859E68EB9F}.Debug|x64.Build.0 = Debug|x64
		{C53D15B0-EDA5-45FA-A27A-84859E68EB9F}.Debug|x86.ActiveCfg = Debug|Win32
		{C53D15B0-EDA5-45FA-A27A-84859E68EB9F}.Debug|x86.Build.0 = Debug|Win32
		{C53D15B0-EDA5-45FA-A27A-84859E68EB9F}.Release|x64.ActiveCfg = Release|x64
		{C53D15B0-EDA5-45FA-A27A-84859E68EB9F}.Release|x64.Build.0 = Release|x64
		{C53D15B0-EDA5-45FA-A27A-84859E68EB9F}.Release|x86.ActiveCfg = Release|Win32
		{C53D15B0-EDA5-45FA-A27A-84859E68EB9F}.Release|x86.Build.0 = Release|Win32
	EndGlobalSection
	GlobalSection(SolutionProperties) = preSolution
		HideSolutionNode = FALSE
	EndGlobalSection
	GlobalSection(ExtensibilityGlobals) = postSolution
		SolutionGuid = {2480362E-03D6-4C21-B0C0-8078D87DB842}
	EndGlobalSection
EndGlobal
