
Microsoft Visual Studio Solution File, Format Version 12.00
# Visual Studio 15
VisualStudioVersion = 15.0.28307.421
MinimumVisualStudioVersion = 10.0.40219.1
Project("{8BC9CEB8-8B4A-11D0-8D11-00A0C91BC942}") = "024", "024\024.vcxproj", "{51101D76-E648-487B-A9F9-A0950D875CE9}"
EndProject
Global
	GlobalSection(SolutionConfigurationPlatforms) = preSolution
		Debug|x64 = Debug|x64
		Debug|x86 = Debug|x86
		Release|x64 = Release|x64
		Release|x86 = Release|x86
	EndGlobalSection
	GlobalSection(ProjectConfigurationPlatforms) = postSolution
		{51101D76-E648-487B-A9F9-A0950D875CE9}.Debug|x64.ActiveCfg = Debug|x64
		{51101D76-E648-487B-A9F9-A0950D875CE9}.Debug|x64.Build.0 = Debug|x64
		{51101D76-E648-487B-A9F9-A0950D875CE9}.Debug|x86.ActiveCfg = Debug|Win32
		{51101D76-E648-487B-A9F9-A0950D875CE9}.Debug|x86.Build.0 = Debug|Win32
		{51101D76-E648-487B-A9F9-A0950D875CE9}.Release|x64.ActiveCfg = Release|x64
		{51101D76-E648-487B-A9F9-A0950D875CE9}.Release|x64.Build.0 = Release|x64
		{51101D76-E648-487B-A9F9-A0950D875CE9}.Release|x86.ActiveCfg = Release|Win32
		{51101D76-E648-487B-A9F9-A0950D875CE9}.Release|x86.Build.0 = Release|Win32
	EndGlobalSection
	GlobalSection(SolutionProperties) = preSolution
		HideSolutionNode = FALSE
	EndGlobalSection
	GlobalSection(ExtensibilityGlobals) = postSolution
		SolutionGuid = {F6167FC3-DBD2-4434-A0B2-1C156C6015BF}
	EndGlobalSection
EndGlobal
