
Microsoft Visual Studio Solution File, Format Version 12.00
# Visual Studio 15
VisualStudioVersion = 15.0.28307.421
MinimumVisualStudioVersion = 10.0.40219.1
Project("{8BC9CEB8-8B4A-11D0-8D11-00A0C91BC942}") = "10", "10\10.vcxproj", "{75BEF59C-73B2-4B2A-807E-A22F739710D3}"
EndProject
Global
	GlobalSection(SolutionConfigurationPlatforms) = preSolution
		Debug|x64 = Debug|x64
		Debug|x86 = Debug|x86
		Release|x64 = Release|x64
		Release|x86 = Release|x86
	EndGlobalSection
	GlobalSection(ProjectConfigurationPlatforms) = postSolution
		{75BEF59C-73B2-4B2A-807E-A22F739710D3}.Debug|x64.ActiveCfg = Debug|x64
		{75BEF59C-73B2-4B2A-807E-A22F739710D3}.Debug|x64.Build.0 = Debug|x64
		{75BEF59C-73B2-4B2A-807E-A22F739710D3}.Debug|x86.ActiveCfg = Debug|Win32
		{75BEF59C-73B2-4B2A-807E-A22F739710D3}.Debug|x86.Build.0 = Debug|Win32
		{75BEF59C-73B2-4B2A-807E-A22F739710D3}.Release|x64.ActiveCfg = Release|x64
		{75BEF59C-73B2-4B2A-807E-A22F739710D3}.Release|x64.Build.0 = Release|x64
		{75BEF59C-73B2-4B2A-807E-A22F739710D3}.Release|x86.ActiveCfg = Release|Win32
		{75BEF59C-73B2-4B2A-807E-A22F739710D3}.Release|x86.Build.0 = Release|Win32
	EndGlobalSection
	GlobalSection(SolutionProperties) = preSolution
		HideSolutionNode = FALSE
	EndGlobalSection
	GlobalSection(ExtensibilityGlobals) = postSolution
		SolutionGuid = {8156CCB4-F209-4983-8FB0-07F743B4ECC7}
	EndGlobalSection
EndGlobal
