
Microsoft Visual Studio Solution File, Format Version 12.00
# Visual Studio 15
VisualStudioVersion = 15.0.28307.421
MinimumVisualStudioVersion = 10.0.40219.1
Project("{8BC9CEB8-8B4A-11D0-8D11-00A0C91BC942}") = "194", "194\194.vcxproj", "{36DBE714-AD1A-46B9-82E5-7CBEF7AD4F91}"
EndProject
Global
	GlobalSection(SolutionConfigurationPlatforms) = preSolution
		Debug|x64 = Debug|x64
		Debug|x86 = Debug|x86
		Release|x64 = Release|x64
		Release|x86 = Release|x86
	EndGlobalSection
	GlobalSection(ProjectConfigurationPlatforms) = postSolution
		{36DBE714-AD1A-46B9-82E5-7CBEF7AD4F91}.Debug|x64.ActiveCfg = Debug|x64
		{36DBE714-AD1A-46B9-82E5-7CBEF7AD4F91}.Debug|x64.Build.0 = Debug|x64
		{36DBE714-AD1A-46B9-82E5-7CBEF7AD4F91}.Debug|x86.ActiveCfg = Debug|Win32
		{36DBE714-AD1A-46B9-82E5-7CBEF7AD4F91}.Debug|x86.Build.0 = Debug|Win32
		{36DBE714-AD1A-46B9-82E5-7CBEF7AD4F91}.Release|x64.ActiveCfg = Release|x64
		{36DBE714-AD1A-46B9-82E5-7CBEF7AD4F91}.Release|x64.Build.0 = Release|x64
		{36DBE714-AD1A-46B9-82E5-7CBEF7AD4F91}.Release|x86.ActiveCfg = Release|Win32
		{36DBE714-AD1A-46B9-82E5-7CBEF7AD4F91}.Release|x86.Build.0 = Release|Win32
	EndGlobalSection
	GlobalSection(SolutionProperties) = preSolution
		HideSolutionNode = FALSE
	EndGlobalSection
	GlobalSection(ExtensibilityGlobals) = postSolution
		SolutionGuid = {6A6557E8-F817-4A45-94CA-93F32FA4BC0D}
	EndGlobalSection
EndGlobal
