
Microsoft Visual Studio Solution File, Format Version 12.00
# Visual Studio 15
VisualStudioVersion = 15.0.28307.421
MinimumVisualStudioVersion = 10.0.40219.1
Project("{8BC9CEB8-8B4A-11D0-8D11-00A0C91BC942}") = "093", "093\093.vcxproj", "{16E62B2D-762B-449A-967C-1736378B896E}"
EndProject
Global
	GlobalSection(SolutionConfigurationPlatforms) = preSolution
		Debug|x64 = Debug|x64
		Debug|x86 = Debug|x86
		Release|x64 = Release|x64
		Release|x86 = Release|x86
	EndGlobalSection
	GlobalSection(ProjectConfigurationPlatforms) = postSolution
		{16E62B2D-762B-449A-967C-1736378B896E}.Debug|x64.ActiveCfg = Debug|x64
		{16E62B2D-762B-449A-967C-1736378B896E}.Debug|x64.Build.0 = Debug|x64
		{16E62B2D-762B-449A-967C-1736378B896E}.Debug|x86.ActiveCfg = Debug|Win32
		{16E62B2D-762B-449A-967C-1736378B896E}.Debug|x86.Build.0 = Debug|Win32
		{16E62B2D-762B-449A-967C-1736378B896E}.Release|x64.ActiveCfg = Release|x64
		{16E62B2D-762B-449A-967C-1736378B896E}.Release|x64.Build.0 = Release|x64
		{16E62B2D-762B-449A-967C-1736378B896E}.Release|x86.ActiveCfg = Release|Win32
		{16E62B2D-762B-449A-967C-1736378B896E}.Release|x86.Build.0 = Release|Win32
	EndGlobalSection
	GlobalSection(SolutionProperties) = preSolution
		HideSolutionNode = FALSE
	EndGlobalSection
	GlobalSection(ExtensibilityGlobals) = postSolution
		SolutionGuid = {EEAC63C0-E8CB-46C6-991D-32D91555A159}
	EndGlobalSection
EndGlobal
