
Microsoft Visual Studio Solution File, Format Version 12.00
# Visual Studio 15
VisualStudioVersion = 15.0.28307.421
MinimumVisualStudioVersion = 10.0.40219.1
Project("{8BC9CEB8-8B4A-11D0-8D11-00A0C91BC942}") = "164", "164\164.vcxproj", "{790CFBD3-29C7-425A-BF71-402E0FDB0B42}"
EndProject
Global
	GlobalSection(SolutionConfigurationPlatforms) = preSolution
		Debug|x64 = Debug|x64
		Debug|x86 = Debug|x86
		Release|x64 = Release|x64
		Release|x86 = Release|x86
	EndGlobalSection
	GlobalSection(ProjectConfigurationPlatforms) = postSolution
		{790CFBD3-29C7-425A-BF71-402E0FDB0B42}.Debug|x64.ActiveCfg = Debug|x64
		{790CFBD3-29C7-425A-BF71-402E0FDB0B42}.Debug|x64.Build.0 = Debug|x64
		{790CFBD3-29C7-425A-BF71-402E0FDB0B42}.Debug|x86.ActiveCfg = Debug|Win32
		{790CFBD3-29C7-425A-BF71-402E0FDB0B42}.Debug|x86.Build.0 = Debug|Win32
		{790CFBD3-29C7-425A-BF71-402E0FDB0B42}.Release|x64.ActiveCfg = Release|x64
		{790CFBD3-29C7-425A-BF71-402E0FDB0B42}.Release|x64.Build.0 = Release|x64
		{790CFBD3-29C7-425A-BF71-402E0FDB0B42}.Release|x86.ActiveCfg = Release|Win32
		{790CFBD3-29C7-425A-BF71-402E0FDB0B42}.Release|x86.Build.0 = Release|Win32
	EndGlobalSection
	GlobalSection(SolutionProperties) = preSolution
		HideSolutionNode = FALSE
	EndGlobalSection
	GlobalSection(ExtensibilityGlobals) = postSolution
		SolutionGuid = {57E5F39D-8A48-4F04-97C2-F54DDFA8794E}
	EndGlobalSection
EndGlobal
