
Microsoft Visual Studio Solution File, Format Version 12.00
# Visual Studio 15
VisualStudioVersion = 15.0.28307.421
MinimumVisualStudioVersion = 10.0.40219.1
Project("{8BC9CEB8-8B4A-11D0-8D11-00A0C91BC942}") = "047", "047\047.vcxproj", "{54719E67-54EE-49CA-9C2B-31F1D6CB94C5}"
EndProject
Global
	GlobalSection(SolutionConfigurationPlatforms) = preSolution
		Debug|x64 = Debug|x64
		Debug|x86 = Debug|x86
		Release|x64 = Release|x64
		Release|x86 = Release|x86
	EndGlobalSection
	GlobalSection(ProjectConfigurationPlatforms) = postSolution
		{54719E67-54EE-49CA-9C2B-31F1D6CB94C5}.Debug|x64.ActiveCfg = Debug|x64
		{54719E67-54EE-49CA-9C2B-31F1D6CB94C5}.Debug|x64.Build.0 = Debug|x64
		{54719E67-54EE-49CA-9C2B-31F1D6CB94C5}.Debug|x86.ActiveCfg = Debug|Win32
		{54719E67-54EE-49CA-9C2B-31F1D6CB94C5}.Debug|x86.Build.0 = Debug|Win32
		{54719E67-54EE-49CA-9C2B-31F1D6CB94C5}.Release|x64.ActiveCfg = Release|x64
		{54719E67-54EE-49CA-9C2B-31F1D6CB94C5}.Release|x64.Build.0 = Release|x64
		{54719E67-54EE-49CA-9C2B-31F1D6CB94C5}.Release|x86.ActiveCfg = Release|Win32
		{54719E67-54EE-49CA-9C2B-31F1D6CB94C5}.Release|x86.Build.0 = Release|Win32
	EndGlobalSection
	GlobalSection(SolutionProperties) = preSolution
		HideSolutionNode = FALSE
	EndGlobalSection
	GlobalSection(ExtensibilityGlobals) = postSolution
		SolutionGuid = {D04ED626-6721-44CD-AC91-51D61F25CB00}
	EndGlobalSection
EndGlobal
