
Microsoft Visual Studio Solution File, Format Version 12.00
# Visual Studio 15
VisualStudioVersion = 15.0.28307.421
MinimumVisualStudioVersion = 10.0.40219.1
Project("{8BC9CEB8-8B4A-11D0-8D11-00A0C91BC942}") = "21", "21\21.vcxproj", "{27FD4DC6-8774-4E0C-8F3C-2185540266FC}"
EndProject
Global
	GlobalSection(SolutionConfigurationPlatforms) = preSolution
		Debug|x64 = Debug|x64
		Debug|x86 = Debug|x86
		Release|x64 = Release|x64
		Release|x86 = Release|x86
	EndGlobalSection
	GlobalSection(ProjectConfigurationPlatforms) = postSolution
		{27FD4DC6-8774-4E0C-8F3C-2185540266FC}.Debug|x64.ActiveCfg = Debug|x64
		{27FD4DC6-8774-4E0C-8F3C-2185540266FC}.Debug|x64.Build.0 = Debug|x64
		{27FD4DC6-8774-4E0C-8F3C-2185540266FC}.Debug|x86.ActiveCfg = Debug|Win32
		{27FD4DC6-8774-4E0C-8F3C-2185540266FC}.Debug|x86.Build.0 = Debug|Win32
		{27FD4DC6-8774-4E0C-8F3C-2185540266FC}.Release|x64.ActiveCfg = Release|x64
		{27FD4DC6-8774-4E0C-8F3C-2185540266FC}.Release|x64.Build.0 = Release|x64
		{27FD4DC6-8774-4E0C-8F3C-2185540266FC}.Release|x86.ActiveCfg = Release|Win32
		{27FD4DC6-8774-4E0C-8F3C-2185540266FC}.Release|x86.Build.0 = Release|Win32
	EndGlobalSection
	GlobalSection(SolutionProperties) = preSolution
		HideSolutionNode = FALSE
	EndGlobalSection
	GlobalSection(ExtensibilityGlobals) = postSolution
		SolutionGuid = {1BFA5292-8760-4657-A2CA-C67D13AB7579}
	EndGlobalSection
EndGlobal
