
Microsoft Visual Studio Solution File, Format Version 12.00
# Visual Studio 15
VisualStudioVersion = 15.0.28307.421
MinimumVisualStudioVersion = 10.0.40219.1
Project("{8BC9CEB8-8B4A-11D0-8D11-00A0C91BC942}") = "035", "035\035.vcxproj", "{A20A7E8A-57BF-4411-8E99-F99AF0EC7D58}"
EndProject
Global
	GlobalSection(SolutionConfigurationPlatforms) = preSolution
		Debug|x64 = Debug|x64
		Debug|x86 = Debug|x86
		Release|x64 = Release|x64
		Release|x86 = Release|x86
	EndGlobalSection
	GlobalSection(ProjectConfigurationPlatforms) = postSolution
		{A20A7E8A-57BF-4411-8E99-F99AF0EC7D58}.Debug|x64.ActiveCfg = Debug|x64
		{A20A7E8A-57BF-4411-8E99-F99AF0EC7D58}.Debug|x64.Build.0 = Debug|x64
		{A20A7E8A-57BF-4411-8E99-F99AF0EC7D58}.Debug|x86.ActiveCfg = Debug|Win32
		{A20A7E8A-57BF-4411-8E99-F99AF0EC7D58}.Debug|x86.Build.0 = Debug|Win32
		{A20A7E8A-57BF-4411-8E99-F99AF0EC7D58}.Release|x64.ActiveCfg = Release|x64
		{A20A7E8A-57BF-4411-8E99-F99AF0EC7D58}.Release|x64.Build.0 = Release|x64
		{A20A7E8A-57BF-4411-8E99-F99AF0EC7D58}.Release|x86.ActiveCfg = Release|Win32
		{A20A7E8A-57BF-4411-8E99-F99AF0EC7D58}.Release|x86.Build.0 = Release|Win32
	EndGlobalSection
	GlobalSection(SolutionProperties) = preSolution
		HideSolutionNode = FALSE
	EndGlobalSection
	GlobalSection(ExtensibilityGlobals) = postSolution
		SolutionGuid = {7D499AA0-148B-4280-91C1-D7FDD48CBE2A}
	EndGlobalSection
EndGlobal
