
Microsoft Visual Studio Solution File, Format Version 12.00
# Visual Studio 15
VisualStudioVersion = 15.0.28307.421
MinimumVisualStudioVersion = 10.0.40219.1
Project("{8BC9CEB8-8B4A-11D0-8D11-00A0C91BC942}") = "125", "125\125.vcxproj", "{EBE046AA-FD69-48A2-99A8-63F60C903CC1}"
EndProject
Global
	GlobalSection(SolutionConfigurationPlatforms) = preSolution
		Debug|x64 = Debug|x64
		Debug|x86 = Debug|x86
		Release|x64 = Release|x64
		Release|x86 = Release|x86
	EndGlobalSection
	GlobalSection(ProjectConfigurationPlatforms) = postSolution
		{EBE046AA-FD69-48A2-99A8-63F60C903CC1}.Debug|x64.ActiveCfg = Debug|x64
		{EBE046AA-FD69-48A2-99A8-63F60C903CC1}.Debug|x64.Build.0 = Debug|x64
		{EBE046AA-FD69-48A2-99A8-63F60C903CC1}.Debug|x86.ActiveCfg = Debug|Win32
		{EBE046AA-FD69-48A2-99A8-63F60C903CC1}.Debug|x86.Build.0 = Debug|Win32
		{EBE046AA-FD69-48A2-99A8-63F60C903CC1}.Release|x64.ActiveCfg = Release|x64
		{EBE046AA-FD69-48A2-99A8-63F60C903CC1}.Release|x64.Build.0 = Release|x64
		{EBE046AA-FD69-48A2-99A8-63F60C903CC1}.Release|x86.ActiveCfg = Release|Win32
		{EBE046AA-FD69-48A2-99A8-63F60C903CC1}.Release|x86.Build.0 = Release|Win32
	EndGlobalSection
	GlobalSection(SolutionProperties) = preSolution
		HideSolutionNode = FALSE
	EndGlobalSection
	GlobalSection(ExtensibilityGlobals) = postSolution
		SolutionGuid = {6E7E9E2D-D6AB-42E9-B65E-0FE0CE7D473A}
	EndGlobalSection
EndGlobal
