
Microsoft Visual Studio Solution File, Format Version 12.00
# Visual Studio 15
VisualStudioVersion = 15.0.28307.421
MinimumVisualStudioVersion = 10.0.40219.1
Project("{8BC9CEB8-8B4A-11D0-8D11-00A0C91BC942}") = "09", "09\09.vcxproj", "{CFCEF74F-7464-497D-8BE9-A87F84EA138F}"
EndProject
Global
	GlobalSection(SolutionConfigurationPlatforms) = preSolution
		Debug|x64 = Debug|x64
		Debug|x86 = Debug|x86
		Release|x64 = Release|x64
		Release|x86 = Release|x86
	EndGlobalSection
	GlobalSection(ProjectConfigurationPlatforms) = postSolution
		{CFCEF74F-7464-497D-8BE9-A87F84EA138F}.Debug|x64.ActiveCfg = Debug|x64
		{CFCEF74F-7464-497D-8BE9-A87F84EA138F}.Debug|x64.Build.0 = Debug|x64
		{CFCEF74F-7464-497D-8BE9-A87F84EA138F}.Debug|x86.ActiveCfg = Debug|Win32
		{CFCEF74F-7464-497D-8BE9-A87F84EA138F}.Debug|x86.Build.0 = Debug|Win32
		{CFCEF74F-7464-497D-8BE9-A87F84EA138F}.Release|x64.ActiveCfg = Release|x64
		{CFCEF74F-7464-497D-8BE9-A87F84EA138F}.Release|x64.Build.0 = Release|x64
		{CFCEF74F-7464-497D-8BE9-A87F84EA138F}.Release|x86.ActiveCfg = Release|Win32
		{CFCEF74F-7464-497D-8BE9-A87F84EA138F}.Release|x86.Build.0 = Release|Win32
	EndGlobalSection
	GlobalSection(SolutionProperties) = preSolution
		HideSolutionNode = FALSE
	EndGlobalSection
	GlobalSection(ExtensibilityGlobals) = postSolution
		SolutionGuid = {A58F0A4B-73D7-40F1-8C44-A1178639871B}
	EndGlobalSection
EndGlobal
